{
    "_readme": [
        "This file locks the dependencies of your project to a known state",
        "Read more about it at https://getcomposer.org/doc/01-basic-usage.md#composer-lock-the-lock-file",
        "This file is @generated automatically"
    ],
    "hash": "e12c1399e43b99dc1baca01186450b60",
    "content-hash": "5f357ee973e30ced38d0775445bda610",
    "packages": [
        {
            "name": "humanitysoft/humanity",
            "version": "dev-master",
            "source": {
                "type": "git",
                "url": "https://github.com/HumanitySoft/humanity.git",
                "reference": "2120b93bbddbf371736632eb86d9401f3c55f899"
            },
            "dist": {
                "type": "zip",
                "url": "https://api.github.com/repos/HumanitySoft/humanity/zipball/2120b93bbddbf371736632eb86d9401f3c55f899",
                "reference": "2120b93bbddbf371736632eb86d9401f3c55f899",
                "shasum": ""
            },
            "require": {
                "php": ">=5.6.0"
            },
            "type": "library",
            "extra": {
                "branch-alias": {
                    "dev-master": "1.0.x-dev"
                }
            },
            "autoload": {
                "psr-4": {
                    "humanitysoft\\humanity\\": ""
                }
            },
            "notification-url": "https://packagist.org/downloads/",
            "license": [
                "MIT"
            ],
            "authors": [
                {
                    "name": "Buturlakin Andrey",
                    "email": "xezzus@gmail.com",
                    "homepage": "https://github.com/xezzus",
                    "role": "Founder and project lead"
                }
            ],
            "description": "Humanity PHP Framework Version 1",
            "homepage": "https://github.com/HumanitySoft/humanity",
            "keywords": [
                "framework",
                "humanity",
                "php",
                "va"
            ],
            "time": "2016-05-09 16:12:18"
        }
    ],
    "packages-dev": [],
    "aliases": [],
    "minimum-stability": "stable",
    "stability-flags": {
        "humanitysoft/humanity": 20
    },
    "prefer-stable": false,
    "prefer-lowest": false,
    "platform": [],
    "platform-dev": []
}
